schema: '2.0'
stages:
  data_ingestion:
    cmd: python -m src.data.data_ingestion
    deps:
    - path: ./config/params.yaml
      hash: md5
      md5: e893af642eb0e8662d4c71ac5be56ec8
      size: 276
    - path: ./data/match_summary.csv
      hash: md5
      md5: 0f24ef889a31aab0b67cefcc531c1c13
      size: 5888717
    - path: ./src/data/data_ingestion.py
      hash: md5
      md5: f96c7ace5acbc5e5c85a76515627015d
      size: 3572
    params:
      config/params.yaml:
        data_ingestion.test_size: 0.2
    outs:
    - path: data/raw
      hash: md5
      md5: 372e7880661a38e13c7b56ffe074366b.dir
      size: 4791190
      nfiles: 4
  model_building:
    cmd: python -m src.train
    deps:
    - path: ./data/match_summary.csv
      hash: md5
      md5: 0f24ef889a31aab0b67cefcc531c1c13
      size: 5888717
    - path: ./src/data/data_ingestion.py
      hash: md5
      md5: f96c7ace5acbc5e5c85a76515627015d
      size: 3572
    - path: ./src/train.py
      hash: md5
      md5: adbaba1b101e4b58f67a0011884d6911
      size: 3017
    params:
      config/params.yaml:
        algorithm: random_forest
        linear_regression:
          fit_intercept: true
        random_forest:
          n_estimators: 500
          max_depth: 10
          random_state: 42
        xgboost:
          learning_rate: 0.1
          n_estimators: 100
          max_depth: 3
          random_state: 42
          subsample: 0.8
    outs:
    - path: models/score_prediction.pkl
      hash: md5
      md5: 5a7ba4e76fbb9ec991e1e2978dca6216
      size: 53769409
  model_evaluation:
    cmd: python -m src.evaluate
    deps:
    - path: ./src/evaluate.py
      hash: md5
      md5: 0751b588a5d7fecf15ee0b93ccbca974
      size: 5194
    - path: ./src/train.py
      hash: md5
      md5: adbaba1b101e4b58f67a0011884d6911
      size: 3017
    - path: models/score_prediction.pkl
      hash: md5
      md5: 5a7ba4e76fbb9ec991e1e2978dca6216
      size: 53769409
    outs:
    - path: models/experiments_info.json
      hash: md5
      md5: f502fe3d95db3b5b6e4a5d178773a80e
      size: 87
  data_preprocessing:
    cmd: python -m src.data_preprocessing
    deps:
    - path: ./src/data_preprocessing.py
      hash: md5
      md5: e4543dc972c583e40bf11f44a49ff21c
      size: 4962
    outs:
    - path: data/match_summary.csv
      hash: md5
      md5: 0f24ef889a31aab0b67cefcc531c1c13
      size: 5888717
  model_registration:
    cmd: python -m src.register_model
    deps:
    - path: models/experiments_info.json
      hash: md5
      md5: 3a00177bfdec932d9b2c0e1bcf17e950
      size: 113
    - path: src/register_model.py
      hash: md5
      md5: 6893890a092ca89f5d034491d8f0960d
      size: 1893
